
Microsoft Visual Studio Solution File, Format Version 12.00
# Visual Studio Version 16
VisualStudioVersion = 16.0.28803.352
MinimumVisualStudioVersion = 10.0.40219.1
Project("{FAE04EC0-301F-11D3-BF4B-00C04F79EFBC}") = "Snow_Code_Test", "Snow_Code_Test\Snow_Code_Test.csproj", "{1D3CA12E-E313-4D81-BE17-B7A1075DBF67}"
EndProject
Project("{FAE04EC0-301F-11D3-BF4B-00C04F79EFBC}") = "Function_Test_Code", "Function_Test_Code\Function_Test_Code.csproj", "{70821711-284E-43E1-B796-EDC300172E51}"
EndProject
Global
	GlobalSection(SolutionConfigurationPlatforms) = preSolution
		Debug|Any CPU = Debug|Any CPU
		Release|Any CPU = Release|Any CPU
	EndGlobalSection
	GlobalSection(ProjectConfigurationPlatforms) = postSolution
		{1D3CA12E-E313-4D81-BE17-B7A1075DBF67}.Debug|Any CPU.ActiveCfg = Debug|Any CPU
		{1D3CA12E-E313-4D81-BE17-B7A1075DBF67}.Debug|Any CPU.Build.0 = Debug|Any CPU
		{1D3CA12E-E313-4D81-BE17-B7A1075DBF67}.Release|Any CPU.ActiveCfg = Release|Any CPU
		{1D3CA12E-E313-4D81-BE17-B7A1075DBF67}.Release|Any CPU.Build.0 = Release|Any CPU
		{70821711-284E-43E1-B796-EDC300172E51}.Debug|Any CPU.ActiveCfg = Debug|Any CPU
		{70821711-284E-43E1-B796-EDC300172E51}.Debug|Any CPU.Build.0 = Debug|Any CPU
		{70821711-284E-43E1-B796-EDC300172E51}.Release|Any CPU.ActiveCfg = Release|Any CPU
		{70821711-284E-43E1-B796-EDC300172E51}.Release|Any CPU.Build.0 = Release|Any CPU
	EndGlobalSection
	GlobalSection(SolutionProperties) = preSolution
		HideSolutionNode = FALSE
	EndGlobalSection
	GlobalSection(ExtensibilityGlobals) = postSolution
		SolutionGuid = {53C5933E-EEE0-4C32-8DAE-3D9A4EDC29D5}
	EndGlobalSection
EndGlobal
